{
  "name": "cc-query",
  "version": "0.4.7",
  "lockfileVersion": 3,
  "requires": true,
  "packages": {
    "": {
      "name": "cc-query",
      "version": "0.4.7",
      "license": "MIT",
      "dependencies": {
        "@duckdb/node-api": "1.4.3-r.3"
      },
      "bin": {
        "cc-query": "bin/cc-query.js"
      },
      "devDependencies": {
        "@types/node": "^25.0.8",
        "typescript": "^5.9.3"
      },
      "engines": {
        "node": ">=24"
      }
    },
    "../cc-team": {
      "version": "0.1.0",
      "extraneous": true,
      "bin": {
        "cc-team": "bin/cc-team.js"
      }
    },
    "node_modules/@duckdb/node-api": {
      "version": "1.4.3-r.3",
      "resolved": "https://registry.npmjs.org/@duckdb/node-api/-/node-api-1.4.3-r.3.tgz",
      "integrity": "sha512-lPHpmYRMoFJkTCZmp76sETTNPly7lT3eJfV69vqsZE3wur+OY9VW/BflMQ41mP1vSucGqw4rY6XCSmMACE7bwQ==",
      "license": "MIT",
      "dependencies": {
        "@duckdb/node-bindings": "1.4.3-r.3"
      }
    },
    "node_modules/@duckdb/node-bindings": {
      "version": "1.4.3-r.3",
      "resolved": "https://registry.npmjs.org/@duckdb/node-bindings/-/node-bindings-1.4.3-r.3.tgz",
      "integrity": "sha512-QrkUgZw4Xwn5lNbvUHXcF3F5OvVexf9uQyJnxrLTzs9P93Be0UB+b4hr1EZwf1OMMocchN9iG1R839aVIfSJBg==",
      "license": "MIT",
      "optionalDependencies": {
        "@duckdb/node-bindings-darwin-arm64": "1.4.3-r.3",
        "@duckdb/node-bindings-darwin-x64": "1.4.3-r.3",
        "@duckdb/node-bindings-linux-arm64": "1.4.3-r.3",
        "@duckdb/node-bindings-linux-x64": "1.4.3-r.3",
        "@duckdb/node-bindings-win32-x64": "1.4.3-r.3"
      }
    },
    "node_modules/@duckdb/node-bindings-darwin-arm64": {
      "version": "1.4.3-r.3",
      "resolved": "https://registry.npmjs.org/@duckdb/node-bindings-darwin-arm64/-/node-bindings-darwin-arm64-1.4.3-r.3.tgz",
      "integrity": "sha512-iyVZbanRsZKSoK1BHqC61+PExyFUjJ7Ftz+BVN6xsWvB3tfkBBwEcZ5K/cCkHuCqmT7IcUwwDoc89Naz7Tze/A==",
      "cpu": [
        "arm64"
      ],
      "license": "MIT",
      "optional": true,
      "os": [
        "darwin"
      ]
    },
    "node_modules/@duckdb/node-bindings-darwin-x64": {
      "version": "1.4.3-r.3",
      "resolved": "https://registry.npmjs.org/@duckdb/node-bindings-darwin-x64/-/node-bindings-darwin-x64-1.4.3-r.3.tgz",
      "integrity": "sha512-exWYLzYLlKqsTp92iBR8SEcaMJpOWbUjaTmNN48TYCjDzLXPW2r4G2xhbFA67KuxnBJcrGvwNOOFcBje2AhfHg==",
      "cpu": [
        "x64"
      ],
      "license": "MIT",
      "optional": true,
      "os": [
        "darwin"
      ]
    },
    "node_modules/@duckdb/node-bindings-linux-arm64": {
      "version": "1.4.3-r.3",
      "resolved": "https://registry.npmjs.org/@duckdb/node-bindings-linux-arm64/-/node-bindings-linux-arm64-1.4.3-r.3.tgz",
      "integrity": "sha512-Jx3SS6Hy2l3TuHUZ9iJ/b2ZnajfFV7AB1TMEh2gE1mmytoVkqjiMvVRj7487u4pxEANj9ELYXspdspC4/wyOaA==",
      "cpu": [
        "arm64"
      ],
      "license": "MIT",
      "optional": true,
      "os": [
        "linux"
      ]
    },
    "node_modules/@duckdb/node-bindings-linux-x64": {
      "version": "1.4.3-r.3",
      "resolved": "https://registry.npmjs.org/@duckdb/node-bindings-linux-x64/-/node-bindings-linux-x64-1.4.3-r.3.tgz",
      "integrity": "sha512-1ISlvsyQheiJlr8tdtVJ0cfCsjBB2leQZL82KJHFKx4Q5gj4yWRYi4tfaPup9zk5rY0xXSuVuhBxKPkTX1UZqg==",
      "cpu": [
        "x64"
      ],
      "license": "MIT",
      "optional": true,
      "os": [
        "linux"
      ]
    },
    "node_modules/@duckdb/node-bindings-win32-x64": {
      "version": "1.4.3-r.3",
      "resolved": "https://registry.npmjs.org/@duckdb/node-bindings-win32-x64/-/node-bindings-win32-x64-1.4.3-r.3.tgz",
      "integrity": "sha512-DQBGxcIZ6yatHrcxIevejKsyj1cobu6BwXU17YuxCSA/BxdfEl7QnhBzwEpDJUDj6gUbLbBqsEvwY+K/NWAwEg==",
      "cpu": [
        "x64"
      ],
      "license": "MIT",
      "optional": true,
      "os": [
        "win32"
      ]
    },
    "node_modules/@types/node": {
      "version": "25.0.8",
      "resolved": "https://registry.npmjs.org/@types/node/-/node-25.0.8.tgz",
      "integrity": "sha512-powIePYMmC3ibL0UJ2i2s0WIbq6cg6UyVFQxSCpaPxxzAaziRfimGivjdF943sSGV6RADVbk0Nvlm5P/FB44Zg==",
      "dev": true,
      "license": "MIT",
      "dependencies": {
        "undici-types": "~7.16.0"
      }
    },
    "node_modules/typescript": {
      "version": "5.9.3",
      "resolved": "https://registry.npmjs.org/typescript/-/typescript-5.9.3.tgz",
      "integrity": "sha512-jl1vZzPDinLr9eUt3J/t7V6FgNEw9QjvBPdysz9KfQDD41fQrC2Y4vKQdiaUpFT4bXlb1RHhLpp8wtm6M5TgSw==",
      "dev": true,
      "license": "Apache-2.0",
      "bin": {
        "tsc": "bin/tsc",
        "tsserver": "bin/tsserver"
      },
      "engines": {
        "node": ">=14.17"
      }
    },
    "node_modules/undici-types": {
      "version": "7.16.0",
      "resolved": "https://registry.npmjs.org/undici-types/-/undici-types-7.16.0.tgz",
      "integrity": "sha512-Zz+aZWSj8LE6zoxD+xrjh4VfkIG8Ya6LvYkZqtUQGJPZjYl53ypCaUwWqo7eI0x66KBGeRo+mlBEkMSeSZ38Nw==",
      "dev": true,
      "license": "MIT"
    }
  }
}
